{
  "name": "husc-admission-chat-enrollment",
  "lockfileVersion": 3,
  "requires": true,
  "packages": {
    "": {
      "dependencies": {
        "@agentic-gateway/mega-template": "^0.9.13"
      }
    },
    "node_modules/@agentic-gateway/mega-template": {
      "version": "0.9.13",
      "resolved": "https://registry.npmjs.org/@agentic-gateway/mega-template/-/mega-template-0.9.13.tgz",
      "integrity": "sha512-ut/B5z+fkJ1qOh9UCF603+8UvEXplRX00bN13sJwz5YMrogzw3RfAvqCCzFhklFaAobYWFmKjm3zxZvG0mz3sQ==",
      "license": "MIT",
      "bin": {
        "mega-template-coverage": "scripts/spec-coverage.mjs",
        "mega-template-init": "scripts/init.mjs",
        "mega-template-status": "scripts/status.mjs",
        "mega-template-upgrade": "scripts/upgrade.mjs"
      },
      "engines": {
        "node": ">=20"
      }
    }
  }
}
